Microsoft Visual Studio Solution File, Format Version 12.00
# Visual Studio Version 17
VisualStudioVersion = 17.5.2.0
MinimumVisualStudioVersion = 10.0.40219.1
Project("{FAE04EC0-301F-11D3-BF4B-00C04F79EFBC}") = "AircraftApplication", "AircraftApplication.csproj", "{6A8571B9-5177-4430-41CD-AECA4A1BF8D5}"
EndProject
Global
	GlobalSection(SolutionConfigurationPlatforms) = preSolution
		Debug|Any CPU = Debug|Any CPU
		Release|Any CPU = Release|Any CPU
	EndGlobalSection
	GlobalSection(ProjectConfigurationPlatforms) = postSolution
		{6A8571B9-5177-4430-41CD-AECA4A1BF8D5}.Debug|Any CPU.ActiveCfg = Debug|Any CPU
		{6A8571B9-5177-4430-41CD-AECA4A1BF8D5}.Debug|Any CPU.Build.0 = Debug|Any CPU
		{6A8571B9-5177-4430-41CD-AECA4A1BF8D5}.Release|Any CPU.ActiveCfg = Release|Any CPU
		{6A8571B9-5177-4430-41CD-AECA4A1BF8D5}.Release|Any CPU.Build.0 = Release|Any CPU
	EndGlobalSection
	GlobalSection(SolutionProperties) = preSolution
		HideSolutionNode = FALSE
	EndGlobalSection
	GlobalSection(ExtensibilityGlobals) = postSolution
		SolutionGuid = {96A5ED16-FCB5-4E45-8D13-99EC19ED0608}
	EndGlobalSection
EndGlobal
